
Microsoft Visual Studio Solution File, Format Version 12.00
# Visual Studio Version 16
VisualStudioVersion = 16.0.31129.286
MinimumVisualStudioVersion = 10.0.40219.1
Project("{FAE04EC0-301F-11D3-BF4B-00C04F79EFBC}") = "MMTConsoleApp", "MMTConsoleApp\MMTConsoleApp.csproj", "{885F2352-6B5C-48E7-8268-C9BB670E8AF5}"
EndProject
Global
	GlobalSection(SolutionConfigurationPlatforms) = preSolution
		Debug|Any CPU = Debug|Any CPU
		Release|Any CPU = Release|Any CPU
	EndGlobalSection
	GlobalSection(ProjectConfigurationPlatforms) = postSolution
		{885F2352-6B5C-48E7-8268-C9BB670E8AF5}.Debug|Any CPU.ActiveCfg = Debug|Any CPU
		{885F2352-6B5C-48E7-8268-C9BB670E8AF5}.Debug|Any CPU.Build.0 = Debug|Any CPU
		{885F2352-6B5C-48E7-8268-C9BB670E8AF5}.Release|Any CPU.ActiveCfg = Release|Any CPU
		{885F2352-6B5C-48E7-8268-C9BB670E8AF5}.Release|Any CPU.Build.0 = Release|Any CPU
	EndGlobalSection
	GlobalSection(SolutionProperties) = preSolution
		HideSolutionNode = FALSE
	EndGlobalSection
	GlobalSection(ExtensibilityGlobals) = postSolution
		SolutionGuid = {A6C95CD5-7D2C-47BF-A114-501BA13A6A7C}
	EndGlobalSection
EndGlobal
